
Microsoft Visual Studio Solution File, Format Version 12.00
# Visual Studio 15
Project("{FAE04EC0-301F-11D3-BF4B-00C04F79EFBC}") = "Assembly-CSharp", "Assembly-CSharp.csproj", "{B9BA0BE0-07BD-DFE7-22F0-BD4417156785}"
EndProject
Project("{FAE04EC0-301F-11D3-BF4B-00C04F79EFBC}") = "Assembly-CSharp-Editor", "Assembly-CSharp-Editor.csproj", "{4256F4F1-6C94-C929-259E-5A6D353ADBCC}"
EndProject
Global
	GlobalSection(SolutionConfigurationPlatforms) = preSolution
		Debug|Any CPU = Debug|Any CPU
		Release|Any CPU = Release|Any CPU
	EndGlobalSection
	GlobalSection(ProjectConfigurationPlatforms) = postSolution
		{B9BA0BE0-07BD-DFE7-22F0-BD4417156785}.Debug|Any CPU.ActiveCfg = Debug|Any CPU
		{B9BA0BE0-07BD-DFE7-22F0-BD4417156785}.Debug|Any CPU.Build.0 = Debug|Any CPU
		{B9BA0BE0-07BD-DFE7-22F0-BD4417156785}.Release|Any CPU.ActiveCfg = Release|Any CPU
		{B9BA0BE0-07BD-DFE7-22F0-BD4417156785}.Release|Any CPU.Build.0 = Release|Any CPU
		{4256F4F1-6C94-C929-259E-5A6D353ADBCC}.Debug|Any CPU.ActiveCfg = Debug|Any CPU
		{4256F4F1-6C94-C929-259E-5A6D353ADBCC}.Debug|Any CPU.Build.0 = Debug|Any CPU
		{4256F4F1-6C94-C929-259E-5A6D353ADBCC}.Release|Any CPU.ActiveCfg = Release|Any CPU
		{4256F4F1-6C94-C929-259E-5A6D353ADBCC}.Release|Any CPU.Build.0 = Release|Any CPU
	EndGlobalSection
	GlobalSection(SolutionProperties) = preSolution
		HideSolutionNode = FALSE
	EndGlobalSection
EndGlobal
